
Microsoft Visual Studio Solution File, Format Version 12.00
# Visual Studio Version 17
VisualStudioVersion = 17.5.33530.505
MinimumVisualStudioVersion = 10.0.40219.1
Project("{FAE04EC0-301F-11D3-BF4B-00C04F79EFBC}") = "Task17(Consumewebapiinmvc)", "Task17(Consumewebapiinmvc).csproj", "{00AE5088-FB93-4CA0-BA51-DA5E9FB49851}"
EndProject
Global
	GlobalSection(SolutionConfigurationPlatforms) = preSolution
		Debug|Any CPU = Debug|Any CPU
		Release|Any CPU = Release|Any CPU
	EndGlobalSection
	GlobalSection(ProjectConfigurationPlatforms) = postSolution
		{00AE5088-FB93-4CA0-BA51-DA5E9FB49851}.Debug|Any CPU.ActiveCfg = Debug|Any CPU
		{00AE5088-FB93-4CA0-BA51-DA5E9FB49851}.Debug|Any CPU.Build.0 = Debug|Any CPU
		{00AE5088-FB93-4CA0-BA51-DA5E9FB49851}.Release|Any CPU.ActiveCfg = Release|Any CPU
		{00AE5088-FB93-4CA0-BA51-DA5E9FB49851}.Release|Any CPU.Build.0 = Release|Any CPU
	EndGlobalSection
	GlobalSection(SolutionProperties) = preSolution
		HideSolutionNode = FALSE
	EndGlobalSection
	GlobalSection(ExtensibilityGlobals) = postSolution
		SolutionGuid = {AD29F294-CCC8-4ABA-A1A5-7CC6CB7BE1DE}
	EndGlobalSection
EndGlobal
